
Microsoft Visual Studio Solution File, Format Version 12.00
# Visual Studio Version 16
VisualStudioVersion = 16.0.29609.76
MinimumVisualStudioVersion = 10.0.40219.1
Project("{9A19103F-16F7-4668-BE54-9A1E7A4F7556}") = "HeroesMatchTracker.Helpers", "HeroesMatchTracker.Helpers\HeroesMatchTracker.Helpers.csproj", "{EA62E650-22EB-43C3-AB86-964AE17307DE}"
EndProject
Project("{9A19103F-16F7-4668-BE54-9A1E7A4F7556}") = "HeroesMatchTracker", "HeroesMatchTrackerAva\HeroesMatchTracker.csproj", "{1CE4214D-55C8-43FF-8AE7-59966ECCDEA4}"
EndProject
Project("{9A19103F-16F7-4668-BE54-9A1E7A4F7556}") = "HeroesMatchTracker.Core", "HeroesMatchTrackerAva.Core\HeroesMatchTracker.Core.csproj", "{A1FA6D27-C8C5-4181-A39B-554EB2196D76}"
EndProject
Project("{9A19103F-16F7-4668-BE54-9A1E7A4F7556}") = "HeroesMatchTracker.Infrastructure.Database", "HeroesMatchTrackerAva.Data\HeroesMatchTracker.Infrastructure.Database.csproj", "{DC56D0FD-A7AF-46BD-81D2-7BE96170A255}"
EndProject
Project("{9A19103F-16F7-4668-BE54-9A1E7A4F7556}") = "HeroesMatchTracker.Infrastructure.Services", "HeroesMatchTrackerAva.Services\HeroesMatchTracker.Infrastructure.Services.csproj", "{44C8CFE3-AB72-4148-98D1-8041B230968F}"
EndProject
Project("{2150E333-8FDC-42A3-9474-1A3956D46DE8}") = "Tests", "Tests", "{6DF036B9-3A3C-461F-83DD-7310F5D7F3E9}"
EndProject
Project("{9A19103F-16F7-4668-BE54-9A1E7A4F7556}") = "HeroesMatchTrackerAva.Core.Tests", "Tests\HeroesMatchTrackerAva.Core.Tests\HeroesMatchTrackerAva.Core.Tests.csproj", "{5FB2453F-27B9-4186-AEF5-F7818D1DD004}"
EndProject
Project("{2150E333-8FDC-42A3-9474-1A3956D46DE8}") = "Solution Items", "Solution Items", "{9FE61339-BE41-4801-960A-BE17FF1FB47F}"
	ProjectSection(SolutionItems) = preProject
		.editorconfig = .editorconfig
	EndProjectSection
EndProject
Global
	GlobalSection(SolutionConfigurationPlatforms) = preSolution
		Debug|Any CPU = Debug|Any CPU
		Release|Any CPU = Release|Any CPU
	EndGlobalSection
	GlobalSection(ProjectConfigurationPlatforms) = postSolution
		{EA62E650-22EB-43C3-AB86-964AE17307DE}.Debug|Any CPU.ActiveCfg = Debug|Any CPU
		{EA62E650-22EB-43C3-AB86-964AE17307DE}.Debug|Any CPU.Build.0 = Debug|Any CPU
		{EA62E650-22EB-43C3-AB86-964AE17307DE}.Release|Any CPU.ActiveCfg = Release|Any CPU
		{EA62E650-22EB-43C3-AB86-964AE17307DE}.Release|Any CPU.Build.0 = Release|Any CPU
		{1CE4214D-55C8-43FF-8AE7-59966ECCDEA4}.Debug|Any CPU.ActiveCfg = Debug|Any CPU
		{1CE4214D-55C8-43FF-8AE7-59966ECCDEA4}.Debug|Any CPU.Build.0 = Debug|Any CPU
		{1CE4214D-55C8-43FF-8AE7-59966ECCDEA4}.Release|Any CPU.ActiveCfg = Release|Any CPU
		{1CE4214D-55C8-43FF-8AE7-59966ECCDEA4}.Release|Any CPU.Build.0 = Release|Any CPU
		{A1FA6D27-C8C5-4181-A39B-554EB2196D76}.Debug|Any CPU.ActiveCfg = Debug|Any CPU
		{A1FA6D27-C8C5-4181-A39B-554EB2196D76}.Debug|Any CPU.Build.0 = Debug|Any CPU
		{A1FA6D27-C8C5-4181-A39B-554EB2196D76}.Release|Any CPU.ActiveCfg = Release|Any CPU
		{A1FA6D27-C8C5-4181-A39B-554EB2196D76}.Release|Any CPU.Build.0 = Release|Any CPU
		{DC56D0FD-A7AF-46BD-81D2-7BE96170A255}.Debug|Any CPU.ActiveCfg = Debug|Any CPU
		{DC56D0FD-A7AF-46BD-81D2-7BE96170A255}.Debug|Any CPU.Build.0 = Debug|Any CPU
		{DC56D0FD-A7AF-46BD-81D2-7BE96170A255}.Release|Any CPU.ActiveCfg = Release|Any CPU
		{DC56D0FD-A7AF-46BD-81D2-7BE96170A255}.Release|Any CPU.Build.0 = Release|Any CPU
		{44C8CFE3-AB72-4148-98D1-8041B230968F}.Debug|Any CPU.ActiveCfg = Debug|Any CPU
		{44C8CFE3-AB72-4148-98D1-8041B230968F}.Debug|Any CPU.Build.0 = Debug|Any CPU
		{44C8CFE3-AB72-4148-98D1-8041B230968F}.Release|Any CPU.ActiveCfg = Release|Any CPU
		{44C8CFE3-AB72-4148-98D1-8041B230968F}.Release|Any CPU.Build.0 = Release|Any CPU
		{5FB2453F-27B9-4186-AEF5-F7818D1DD004}.Debug|Any CPU.ActiveCfg = Debug|Any CPU
		{5FB2453F-27B9-4186-AEF5-F7818D1DD004}.Debug|Any CPU.Build.0 = Debug|Any CPU
		{5FB2453F-27B9-4186-AEF5-F7818D1DD004}.Release|Any CPU.ActiveCfg = Release|Any CPU
		{5FB2453F-27B9-4186-AEF5-F7818D1DD004}.Release|Any CPU.Build.0 = Release|Any CPU
	EndGlobalSection
	GlobalSection(SolutionProperties) = preSolution
		HideSolutionNode = FALSE
	EndGlobalSection
	GlobalSection(NestedProjects) = preSolution
		{5FB2453F-27B9-4186-AEF5-F7818D1DD004} = {6DF036B9-3A3C-461F-83DD-7310F5D7F3E9}
	EndGlobalSection
	GlobalSection(ExtensibilityGlobals) = postSolution
		SolutionGuid = {EC85E985-8B67-4B19-9564-0F05C1AEFDC6}
	EndGlobalSection
EndGlobal
