
Microsoft Visual Studio Solution File, Format Version 12.00
# Visual Studio 15
VisualStudioVersion = 15.0.26730.12
MinimumVisualStudioVersion = 10.0.40219.1
Project("{FAE04EC0-301F-11D3-BF4B-00C04F79EFBC}") = "HeroesMatchTracker", "HeroesMatchTracker\HeroesMatchTracker.csproj", "{DC051017-C38B-4262-93E3-6930512793E2}"
	ProjectSection(ProjectDependencies) = postProject
		{89AFA05A-40D2-4BA0-BF72-6D920177F7AE} = {89AFA05A-40D2-4BA0-BF72-6D920177F7AE}
	EndProjectSection
EndProject
Project("{FAE04EC0-301F-11D3-BF4B-00C04F79EFBC}") = "HeroesMatchTracker.Core", "HeroesMatchTracker.Core\HeroesMatchTracker.Core.csproj", "{89AFA05A-40D2-4BA0-BF72-6D920177F7AE}"
	ProjectSection(ProjectDependencies) = postProject
		{038BEA71-201F-4C56-9EDD-152FED4D9B41} = {038BEA71-201F-4C56-9EDD-152FED4D9B41}
	EndProjectSection
EndProject
Project("{FAE04EC0-301F-11D3-BF4B-00C04F79EFBC}") = "HeroesMatchTracker.Data", "HeroesMatchTracker.Data\HeroesMatchTracker.Data.csproj", "{038BEA71-201F-4C56-9EDD-152FED4D9B41}"
EndProject
Project("{9A19103F-16F7-4668-BE54-9A1E7A4F7556}") = "Heroes.Helpers", "Heroes.Helpers\Heroes.Helpers.csproj", "{DE184DEE-A3FE-438C-A016-BC0F31235DF9}"
EndProject
Project("{9A19103F-16F7-4668-BE54-9A1E7A4F7556}") = "Heroes.Helpers.Tests", "Heroes.Helpers.Tests\Heroes.Helpers.Tests.csproj", "{824848E4-4ABA-4CEF-9D02-93DD18F25B0D}"
EndProject
Project("{9A19103F-16F7-4668-BE54-9A1E7A4F7556}") = "Heroes.ReplayParser.netstandard", "Heroes.ReplayParser\Heroes.ReplayParser\Heroes.ReplayParser.netstandard.csproj", "{F21941E5-2251-4AC7-9FE7-6F26E5D5F2DB}"
EndProject
Project("{9A19103F-16F7-4668-BE54-9A1E7A4F7556}") = "MpqTool.netstandard", "Heroes.ReplayParser\MpqTool\MpqTool.netstandard.csproj", "{C947DC2E-E9BB-4C81-9E02-7A4BE3CB2606}"
EndProject
Project("{9A19103F-16F7-4668-BE54-9A1E7A4F7556}") = "Heroes.Icons", "Heroes.Icons\Heroes.Icons\Heroes.Icons.csproj", "{0AEE62BC-A68C-459D-BFD8-39B2FDE1A75A}"
EndProject
Project("{9A19103F-16F7-4668-BE54-9A1E7A4F7556}") = "Heroes.Models", "Heroes.Icons\Heroes.Models\Heroes.Models\Heroes.Models.csproj", "{D7D7D114-6250-45A2-8C66-B3E5C7026188}"
EndProject
Global
	GlobalSection(SolutionConfigurationPlatforms) = preSolution
		Debug|Any CPU = Debug|Any CPU
		Debug|x64 = Debug|x64
		Debug|x86 = Debug|x86
		Release|Any CPU = Release|Any CPU
		Release|x64 = Release|x64
		Release|x86 = Release|x86
	EndGlobalSection
	GlobalSection(ProjectConfigurationPlatforms) = postSolution
		{DC051017-C38B-4262-93E3-6930512793E2}.Debug|Any CPU.ActiveCfg = Debug|Any CPU
		{DC051017-C38B-4262-93E3-6930512793E2}.Debug|Any CPU.Build.0 = Debug|Any CPU
		{DC051017-C38B-4262-93E3-6930512793E2}.Debug|x64.ActiveCfg = Debug|x64
		{DC051017-C38B-4262-93E3-6930512793E2}.Debug|x64.Build.0 = Debug|x64
		{DC051017-C38B-4262-93E3-6930512793E2}.Debug|x86.ActiveCfg = Debug|x86
		{DC051017-C38B-4262-93E3-6930512793E2}.Debug|x86.Build.0 = Debug|x86
		{DC051017-C38B-4262-93E3-6930512793E2}.Release|Any CPU.ActiveCfg = Release|Any CPU
		{DC051017-C38B-4262-93E3-6930512793E2}.Release|Any CPU.Build.0 = Release|Any CPU
		{DC051017-C38B-4262-93E3-6930512793E2}.Release|x64.ActiveCfg = Release|x64
		{DC051017-C38B-4262-93E3-6930512793E2}.Release|x64.Build.0 = Release|x64
		{DC051017-C38B-4262-93E3-6930512793E2}.Release|x86.ActiveCfg = Release|x86
		{DC051017-C38B-4262-93E3-6930512793E2}.Release|x86.Build.0 = Release|x86
		{89AFA05A-40D2-4BA0-BF72-6D920177F7AE}.Debug|Any CPU.ActiveCfg = Debug|Any CPU
		{89AFA05A-40D2-4BA0-BF72-6D920177F7AE}.Debug|Any CPU.Build.0 = Debug|Any CPU
		{89AFA05A-40D2-4BA0-BF72-6D920177F7AE}.Debug|x64.ActiveCfg = Debug|x64
		{89AFA05A-40D2-4BA0-BF72-6D920177F7AE}.Debug|x64.Build.0 = Debug|x64
		{89AFA05A-40D2-4BA0-BF72-6D920177F7AE}.Debug|x86.ActiveCfg = Debug|x86
		{89AFA05A-40D2-4BA0-BF72-6D920177F7AE}.Debug|x86.Build.0 = Debug|x86
		{89AFA05A-40D2-4BA0-BF72-6D920177F7AE}.Release|Any CPU.ActiveCfg = Release|Any CPU
		{89AFA05A-40D2-4BA0-BF72-6D920177F7AE}.Release|Any CPU.Build.0 = Release|Any CPU
		{89AFA05A-40D2-4BA0-BF72-6D920177F7AE}.Release|x64.ActiveCfg = Release|x64
		{89AFA05A-40D2-4BA0-BF72-6D920177F7AE}.Release|x64.Build.0 = Release|x64
		{89AFA05A-40D2-4BA0-BF72-6D920177F7AE}.Release|x86.ActiveCfg = Release|x86
		{89AFA05A-40D2-4BA0-BF72-6D920177F7AE}.Release|x86.Build.0 = Release|x86
		{038BEA71-201F-4C56-9EDD-152FED4D9B41}.Debug|Any CPU.ActiveCfg = Debug|Any CPU
		{038BEA71-201F-4C56-9EDD-152FED4D9B41}.Debug|Any CPU.Build.0 = Debug|Any CPU
		{038BEA71-201F-4C56-9EDD-152FED4D9B41}.Debug|x64.ActiveCfg = Debug|x64
		{038BEA71-201F-4C56-9EDD-152FED4D9B41}.Debug|x64.Build.0 = Debug|x64
		{038BEA71-201F-4C56-9EDD-152FED4D9B41}.Debug|x86.ActiveCfg = Debug|x86
		{038BEA71-201F-4C56-9EDD-152FED4D9B41}.Debug|x86.Build.0 = Debug|x86
		{038BEA71-201F-4C56-9EDD-152FED4D9B41}.Release|Any CPU.ActiveCfg = Release|Any CPU
		{038BEA71-201F-4C56-9EDD-152FED4D9B41}.Release|Any CPU.Build.0 = Release|Any CPU
		{038BEA71-201F-4C56-9EDD-152FED4D9B41}.Release|x64.ActiveCfg = Release|x64
		{038BEA71-201F-4C56-9EDD-152FED4D9B41}.Release|x64.Build.0 = Release|x64
		{038BEA71-201F-4C56-9EDD-152FED4D9B41}.Release|x86.ActiveCfg = Release|x86
		{038BEA71-201F-4C56-9EDD-152FED4D9B41}.Release|x86.Build.0 = Release|x86
		{DE184DEE-A3FE-438C-A016-BC0F31235DF9}.Debug|Any CPU.ActiveCfg = Debug|Any CPU
		{DE184DEE-A3FE-438C-A016-BC0F31235DF9}.Debug|Any CPU.Build.0 = Debug|Any CPU
		{DE184DEE-A3FE-438C-A016-BC0F31235DF9}.Debug|x64.ActiveCfg = Debug|Any CPU
		{DE184DEE-A3FE-438C-A016-BC0F31235DF9}.Debug|x64.Build.0 = Debug|Any CPU
		{DE184DEE-A3FE-438C-A016-BC0F31235DF9}.Debug|x86.ActiveCfg = Debug|Any CPU
		{DE184DEE-A3FE-438C-A016-BC0F31235DF9}.Debug|x86.Build.0 = Debug|Any CPU
		{DE184DEE-A3FE-438C-A016-BC0F31235DF9}.Release|Any CPU.ActiveCfg = Release|Any CPU
		{DE184DEE-A3FE-438C-A016-BC0F31235DF9}.Release|Any CPU.Build.0 = Release|Any CPU
		{DE184DEE-A3FE-438C-A016-BC0F31235DF9}.Release|x64.ActiveCfg = Release|Any CPU
		{DE184DEE-A3FE-438C-A016-BC0F31235DF9}.Release|x64.Build.0 = Release|Any CPU
		{DE184DEE-A3FE-438C-A016-BC0F31235DF9}.Release|x86.ActiveCfg = Release|Any CPU
		{DE184DEE-A3FE-438C-A016-BC0F31235DF9}.Release|x86.Build.0 = Release|Any CPU
		{824848E4-4ABA-4CEF-9D02-93DD18F25B0D}.Debug|Any CPU.ActiveCfg = Debug|Any CPU
		{824848E4-4ABA-4CEF-9D02-93DD18F25B0D}.Debug|Any CPU.Build.0 = Debug|Any CPU
		{824848E4-4ABA-4CEF-9D02-93DD18F25B0D}.Debug|x64.ActiveCfg = Debug|Any CPU
		{824848E4-4ABA-4CEF-9D02-93DD18F25B0D}.Debug|x64.Build.0 = Debug|Any CPU
		{824848E4-4ABA-4CEF-9D02-93DD18F25B0D}.Debug|x86.ActiveCfg = Debug|Any CPU
		{824848E4-4ABA-4CEF-9D02-93DD18F25B0D}.Debug|x86.Build.0 = Debug|Any CPU
		{824848E4-4ABA-4CEF-9D02-93DD18F25B0D}.Release|Any CPU.ActiveCfg = Release|Any CPU
		{824848E4-4ABA-4CEF-9D02-93DD18F25B0D}.Release|Any CPU.Build.0 = Release|Any CPU
		{824848E4-4ABA-4CEF-9D02-93DD18F25B0D}.Release|x64.ActiveCfg = Release|Any CPU
		{824848E4-4ABA-4CEF-9D02-93DD18F25B0D}.Release|x64.Build.0 = Release|Any CPU
		{824848E4-4ABA-4CEF-9D02-93DD18F25B0D}.Release|x86.ActiveCfg = Release|Any CPU
		{824848E4-4ABA-4CEF-9D02-93DD18F25B0D}.Release|x86.Build.0 = Release|Any CPU
		{F21941E5-2251-4AC7-9FE7-6F26E5D5F2DB}.Debug|Any CPU.ActiveCfg = Debug|Any CPU
		{F21941E5-2251-4AC7-9FE7-6F26E5D5F2DB}.Debug|Any CPU.Build.0 = Debug|Any CPU
		{F21941E5-2251-4AC7-9FE7-6F26E5D5F2DB}.Debug|x64.ActiveCfg = Debug|Any CPU
		{F21941E5-2251-4AC7-9FE7-6F26E5D5F2DB}.Debug|x64.Build.0 = Debug|Any CPU
		{F21941E5-2251-4AC7-9FE7-6F26E5D5F2DB}.Debug|x86.ActiveCfg = Debug|Any CPU
		{F21941E5-2251-4AC7-9FE7-6F26E5D5F2DB}.Debug|x86.Build.0 = Debug|Any CPU
		{F21941E5-2251-4AC7-9FE7-6F26E5D5F2DB}.Release|Any CPU.ActiveCfg = Release|Any CPU
		{F21941E5-2251-4AC7-9FE7-6F26E5D5F2DB}.Release|Any CPU.Build.0 = Release|Any CPU
		{F21941E5-2251-4AC7-9FE7-6F26E5D5F2DB}.Release|x64.ActiveCfg = Release|Any CPU
		{F21941E5-2251-4AC7-9FE7-6F26E5D5F2DB}.Release|x64.Build.0 = Release|Any CPU
		{F21941E5-2251-4AC7-9FE7-6F26E5D5F2DB}.Release|x86.ActiveCfg = Release|Any CPU
		{F21941E5-2251-4AC7-9FE7-6F26E5D5F2DB}.Release|x86.Build.0 = Release|Any CPU
		{C947DC2E-E9BB-4C81-9E02-7A4BE3CB2606}.Debug|Any CPU.ActiveCfg = Debug|Any CPU
		{C947DC2E-E9BB-4C81-9E02-7A4BE3CB2606}.Debug|Any CPU.Build.0 = Debug|Any CPU
		{C947DC2E-E9BB-4C81-9E02-7A4BE3CB2606}.Debug|x64.ActiveCfg = Debug|Any CPU
		{C947DC2E-E9BB-4C81-9E02-7A4BE3CB2606}.Debug|x64.Build.0 = Debug|Any CPU
		{C947DC2E-E9BB-4C81-9E02-7A4BE3CB2606}.Debug|x86.ActiveCfg = Debug|Any CPU
		{C947DC2E-E9BB-4C81-9E02-7A4BE3CB2606}.Debug|x86.Build.0 = Debug|Any CPU
		{C947DC2E-E9BB-4C81-9E02-7A4BE3CB2606}.Release|Any CPU.ActiveCfg = Release|Any CPU
		{C947DC2E-E9BB-4C81-9E02-7A4BE3CB2606}.Release|Any CPU.Build.0 = Release|Any CPU
		{C947DC2E-E9BB-4C81-9E02-7A4BE3CB2606}.Release|x64.ActiveCfg = Release|Any CPU
		{C947DC2E-E9BB-4C81-9E02-7A4BE3CB2606}.Release|x64.Build.0 = Release|Any CPU
		{C947DC2E-E9BB-4C81-9E02-7A4BE3CB2606}.Release|x86.ActiveCfg = Release|Any CPU
		{C947DC2E-E9BB-4C81-9E02-7A4BE3CB2606}.Release|x86.Build.0 = Release|Any CPU
		{0AEE62BC-A68C-459D-BFD8-39B2FDE1A75A}.Debug|Any CPU.ActiveCfg = Debug|Any CPU
		{0AEE62BC-A68C-459D-BFD8-39B2FDE1A75A}.Debug|Any CPU.Build.0 = Debug|Any CPU
		{0AEE62BC-A68C-459D-BFD8-39B2FDE1A75A}.Debug|x64.ActiveCfg = Debug|Any CPU
		{0AEE62BC-A68C-459D-BFD8-39B2FDE1A75A}.Debug|x64.Build.0 = Debug|Any CPU
		{0AEE62BC-A68C-459D-BFD8-39B2FDE1A75A}.Debug|x86.ActiveCfg = Debug|Any CPU
		{0AEE62BC-A68C-459D-BFD8-39B2FDE1A75A}.Debug|x86.Build.0 = Debug|Any CPU
		{0AEE62BC-A68C-459D-BFD8-39B2FDE1A75A}.Release|Any CPU.ActiveCfg = Release|Any CPU
		{0AEE62BC-A68C-459D-BFD8-39B2FDE1A75A}.Release|Any CPU.Build.0 = Release|Any CPU
		{0AEE62BC-A68C-459D-BFD8-39B2FDE1A75A}.Release|x64.ActiveCfg = Release|Any CPU
		{0AEE62BC-A68C-459D-BFD8-39B2FDE1A75A}.Release|x64.Build.0 = Release|Any CPU
		{0AEE62BC-A68C-459D-BFD8-39B2FDE1A75A}.Release|x86.ActiveCfg = Release|Any CPU
		{0AEE62BC-A68C-459D-BFD8-39B2FDE1A75A}.Release|x86.Build.0 = Release|Any CPU
		{D7D7D114-6250-45A2-8C66-B3E5C7026188}.Debug|Any CPU.ActiveCfg = Debug|Any CPU
		{D7D7D114-6250-45A2-8C66-B3E5C7026188}.Debug|Any CPU.Build.0 = Debug|Any CPU
		{D7D7D114-6250-45A2-8C66-B3E5C7026188}.Debug|x64.ActiveCfg = Debug|Any CPU
		{D7D7D114-6250-45A2-8C66-B3E5C7026188}.Debug|x64.Build.0 = Debug|Any CPU
		{D7D7D114-6250-45A2-8C66-B3E5C7026188}.Debug|x86.ActiveCfg = Debug|Any CPU
		{D7D7D114-6250-45A2-8C66-B3E5C7026188}.Debug|x86.Build.0 = Debug|Any CPU
		{D7D7D114-6250-45A2-8C66-B3E5C7026188}.Release|Any CPU.ActiveCfg = Release|Any CPU
		{D7D7D114-6250-45A2-8C66-B3E5C7026188}.Release|Any CPU.Build.0 = Release|Any CPU
		{D7D7D114-6250-45A2-8C66-B3E5C7026188}.Release|x64.ActiveCfg = Release|Any CPU
		{D7D7D114-6250-45A2-8C66-B3E5C7026188}.Release|x64.Build.0 = Release|Any CPU
		{D7D7D114-6250-45A2-8C66-B3E5C7026188}.Release|x86.ActiveCfg = Release|Any CPU
		{D7D7D114-6250-45A2-8C66-B3E5C7026188}.Release|x86.Build.0 = Release|Any CPU
	EndGlobalSection
	GlobalSection(SolutionProperties) = preSolution
		HideSolutionNode = FALSE
	EndGlobalSection
	GlobalSection(ExtensibilityGlobals) = postSolution
		SolutionGuid = {EC85E985-8B67-4B19-9564-0F05C1AEFDC6}
	EndGlobalSection
	GlobalSection(Performance) = preSolution
		HasPerformanceSessions = true
	EndGlobalSection
	GlobalSection(Performance) = preSolution
		HasPerformanceSessions = true
	EndGlobalSection
EndGlobal
